hash: 1c4fc075301cbce37e95f6918a69a53e496920126b2daed2b9bf284e23168273
updated: 2017-11-18T16:02:07.293197+07:00
imports:
- name: github.com/creack/goselect
  version: 1bd5ca702c6154bccc56ecd598932ee8b295cab2
- name: github.com/gin-contrib/sse
  version: 22d885f9ecc78bf4ee5d72b937e4bbcdc58e8cae
- name: github.com/gin-gonic/gin
  version: ae9f03e6e80212e45427f811683f2a512cc8f506
  subpackages:
  - binding
  - json
  - render
- name: github.com/golang/protobuf
  version: 1e59b77b52bf8e4b449a57e6f79f21226d571845
  subpackages:
  - proto
- name: github.com/json-iterator/go
  version: f7279a603edee96fe7764d3de9c6ff8cf9970994
- name: github.com/mattn/go-isatty
  version: 6ca4dbf54d38eea1a992b3c722a76a5d1c4cb25c
- name: github.com/pkg/errors
  version: 645ef00459ed84a119197bfb8d8205042c6df63d
- name: github.com/ugorji/go
  version: 50329c0f550792d7ec08500e25948b4de2560f68
  subpackages:
  - codec
- name: go.bug.st/serial.v1
  version: eae1344f9f90101f887b08d13391c34399f97873
  subpackages:
  - unixutils
- name: golang.org/x/sys
  version: ebfc5b4631820b793c9010c87fd8fef0f39eb082
  subpackages:
  - unix
  - windows
- name: gopkg.in/gin-gonic/gin.v1
  version: d459835d2b077e44f7c9b453505ee29881d5d12d
- name: gopkg.in/go-playground/validator.v8
  version: 5f1438d3fca68893a817e4a66806cea46a9e4ebf
- name: gopkg.in/yaml.v2
  version: eb3733d160e74a9c7e442f435eb3bea458e1d19f
testImports: []
